
Microsoft Visual Studio Solution File, Format Version 12.00
# Visual Studio 2015
Project("{FAE04EC0-301F-11D3-BF4B-00C04F79EFBC}") = "test4.Plugins", "test4.Plugins.csproj", "{924B9853-4184-59ED-2F0E-1A4B1E0E0E0E}"
EndProject
Project("{FAE04EC0-301F-11D3-BF4B-00C04F79EFBC}") = "test4", "test4.csproj", "{4DA20575-ED28-2187-D9A4-D46C0AFC4F96}"
EndProject
Project("{FAE04EC0-301F-11D3-BF4B-00C04F79EFBC}") = "test4.Editor.Plugins", "test4.Editor.Plugins.csproj", "{07FD9251-4DFB-4A54-BAE6-F1651490FEA3}"
EndProject
Global
	GlobalSection(SolutionConfigurationPlatforms) = preSolution
		Debug|Any CPU = Debug|Any CPU
		Release|Any CPU = Release|Any CPU
	EndGlobalSection
	GlobalSection(ProjectConfigurationPlatforms) = postSolution
		{924B9853-4184-59ED-2F0E-1A4B1E0E0E0E}.Debug|Any CPU.ActiveCfg = Debug|Any CPU
		{924B9853-4184-59ED-2F0E-1A4B1E0E0E0E}.Debug|Any CPU.Build.0 = Debug|Any CPU
		{924B9853-4184-59ED-2F0E-1A4B1E0E0E0E}.Release|Any CPU.ActiveCfg = Release|Any CPU
		{924B9853-4184-59ED-2F0E-1A4B1E0E0E0E}.Release|Any CPU.Build.0 = Release|Any CPU
		{4DA20575-ED28-2187-D9A4-D46C0AFC4F96}.Debug|Any CPU.ActiveCfg = Debug|Any CPU
		{4DA20575-ED28-2187-D9A4-D46C0AFC4F96}.Debug|Any CPU.Build.0 = Debug|Any CPU
		{4DA20575-ED28-2187-D9A4-D46C0AFC4F96}.Release|Any CPU.ActiveCfg = Release|Any CPU
		{4DA20575-ED28-2187-D9A4-D46C0AFC4F96}.Release|Any CPU.Build.0 = Release|Any CPU
		{07FD9251-4DFB-4A54-BAE6-F1651490FEA3}.Debug|Any CPU.ActiveCfg = Debug|Any CPU
		{07FD9251-4DFB-4A54-BAE6-F1651490FEA3}.Debug|Any CPU.Build.0 = Debug|Any CPU
		{07FD9251-4DFB-4A54-BAE6-F1651490FEA3}.Release|Any CPU.ActiveCfg = Release|Any CPU
		{07FD9251-4DFB-4A54-BAE6-F1651490FEA3}.Release|Any CPU.Build.0 = Release|Any CPU
	EndGlobalSection
	GlobalSection(SolutionProperties) = preSolution
		HideSolutionNode = FALSE
	EndGlobalSection
EndGlobal
